
Microsoft Visual Studio Solution File, Format Version 12.00
# Visual Studio Version 16
VisualStudioVersion = 16.0.33027.164
MinimumVisualStudioVersion = 10.0.40219.1
Project("{9A19103F-16F7-4668-BE54-9A1E7A4F7556}") = "Easy.Hosts", "Easy.Hosts\Easy.Hosts.csproj", "{812776CA-8A45-425D-B94B-4CA948A1C9CD}"
EndProject
Project("{FAE04EC0-301F-11D3-BF4B-00C04F79EFBC}") = "Easy.Hosts.Core", "Easy.Hosts.Core\Easy.Hosts.Core.csproj", "{431837C4-5F5D-49F8-B414-09F9D64C73EF}"
EndProject
Global
	GlobalSection(SolutionConfigurationPlatforms) = preSolution
		Debug|Any CPU = Debug|Any CPU
		Release|Any CPU = Release|Any CPU
	EndGlobalSection
	GlobalSection(ProjectConfigurationPlatforms) = postSolution
		{812776CA-8A45-425D-B94B-4CA948A1C9CD}.Debug|Any CPU.ActiveCfg = Debug|Any CPU
		{812776CA-8A45-425D-B94B-4CA948A1C9CD}.Debug|Any CPU.Build.0 = Debug|Any CPU
		{812776CA-8A45-425D-B94B-4CA948A1C9CD}.Release|Any CPU.ActiveCfg = Release|Any CPU
		{812776CA-8A45-425D-B94B-4CA948A1C9CD}.Release|Any CPU.Build.0 = Release|Any CPU
		{431837C4-5F5D-49F8-B414-09F9D64C73EF}.Debug|Any CPU.ActiveCfg = Debug|Any CPU
		{431837C4-5F5D-49F8-B414-09F9D64C73EF}.Debug|Any CPU.Build.0 = Debug|Any CPU
		{431837C4-5F5D-49F8-B414-09F9D64C73EF}.Release|Any CPU.ActiveCfg = Release|Any CPU
		{431837C4-5F5D-49F8-B414-09F9D64C73EF}.Release|Any CPU.Build.0 = Release|Any CPU
	EndGlobalSection
	GlobalSection(SolutionProperties) = preSolution
		HideSolutionNode = FALSE
	EndGlobalSection
	GlobalSection(ExtensibilityGlobals) = postSolution
		SolutionGuid = {61FDD5B7-A2F9-4DE2-921A-817E7C72F6FE}
	EndGlobalSection
EndGlobal
